
Microsoft Visual Studio Solution File, Format Version 12.00
# Visual Studio Version 17
VisualStudioVersion = 17.8.34525.116
MinimumVisualStudioVersion = 10.0.40219.1
Project("{FAE04EC0-301F-11D3-BF4B-00C04F79EFBC}") = "RestaurantData", "Restaurant\RestaurantData.csproj", "{2151048D-D03D-4D23-B973-ECEE4BB22A65}"
EndProject
Project("{FAE04EC0-301F-11D3-BF4B-00C04F79EFBC}") = "RestarauntGui", "RestarauntGui\RestarauntGui.csproj", "{D05A37BC-03D3-4803-B7AE-3ADA0F108B95}"
EndProject
Global
	GlobalSection(SolutionConfigurationPlatforms) = preSolution
		Debug|Any CPU = Debug|Any CPU
		Release|Any CPU = Release|Any CPU
	EndGlobalSection
	GlobalSection(ProjectConfigurationPlatforms) = postSolution
		{2151048D-D03D-4D23-B973-ECEE4BB22A65}.Debug|Any CPU.ActiveCfg = Debug|Any CPU
		{2151048D-D03D-4D23-B973-ECEE4BB22A65}.Debug|Any CPU.Build.0 = Debug|Any CPU
		{2151048D-D03D-4D23-B973-ECEE4BB22A65}.Release|Any CPU.ActiveCfg = Release|Any CPU
		{2151048D-D03D-4D23-B973-ECEE4BB22A65}.Release|Any CPU.Build.0 = Release|Any CPU
		{D05A37BC-03D3-4803-B7AE-3ADA0F108B95}.Debug|Any CPU.ActiveCfg = Debug|Any CPU
		{D05A37BC-03D3-4803-B7AE-3ADA0F108B95}.Debug|Any CPU.Build.0 = Debug|Any CPU
		{D05A37BC-03D3-4803-B7AE-3ADA0F108B95}.Release|Any CPU.ActiveCfg = Release|Any CPU
		{D05A37BC-03D3-4803-B7AE-3ADA0F108B95}.Release|Any CPU.Build.0 = Release|Any CPU
	EndGlobalSection
	GlobalSection(SolutionProperties) = preSolution
		HideSolutionNode = FALSE
	EndGlobalSection
	GlobalSection(ExtensibilityGlobals) = postSolution
		SolutionGuid = {3A29567C-6CC8-482F-A7A4-93ACD3A0075F}
	EndGlobalSection
EndGlobal
